
Microsoft Visual Studio Solution File, Format Version 12.00
# Visual Studio Version 17
VisualStudioVersion = 17.8.34525.116
MinimumVisualStudioVersion = 10.0.40219.1
Project("{FAE04EC0-301F-11D3-BF4B-00C04F79EFBC}") = "Odev2.3", "Odev2.3\Odev2.3.csproj", "{F92A8847-CD85-4176-BD46-83425E56FDA1}"
EndProject
Global
	GlobalSection(SolutionConfigurationPlatforms) = preSolution
		Debug|Any CPU = Debug|Any CPU
		Release|Any CPU = Release|Any CPU
	EndGlobalSection
	GlobalSection(ProjectConfigurationPlatforms) = postSolution
		{F92A8847-CD85-4176-BD46-83425E56FDA1}.Debug|Any CPU.ActiveCfg = Debug|Any CPU
		{F92A8847-CD85-4176-BD46-83425E56FDA1}.Debug|Any CPU.Build.0 = Debug|Any CPU
		{F92A8847-CD85-4176-BD46-83425E56FDA1}.Release|Any CPU.ActiveCfg = Release|Any CPU
		{F92A8847-CD85-4176-BD46-83425E56FDA1}.Release|Any CPU.Build.0 = Release|Any CPU
	EndGlobalSection
	GlobalSection(SolutionProperties) = preSolution
		HideSolutionNode = FALSE
	EndGlobalSection
	GlobalSection(ExtensibilityGlobals) = postSolution
		SolutionGuid = {0D46EB52-0060-4DED-8B43-08D32AF68534}
	EndGlobalSection
EndGlobal
